// !$*UTF8*$!
{
	archiveVersion = 1;
	classes = {
	};
	objectVersion = 51;
	objects = {

/* Begin PBXBuildFile section */
		150F2CACA5C98A4DF7DCB3AD /* Pods_ParstagramTests.framework in Frameworks */ = {isa = PBXBuildFile; fileRef = 36D4619054298325A0EBA36D /* Pods_ParstagramTests.framework */; };
		380B1FA06D3B5854DCC3BECC /* Pods_Parstagram.framework in Frameworks */ = {isa = PBXBuildFile; fileRef = 21E55796AA12DBC013036190 /* Pods_Parstagram.framework */; };
		D510102C275F354FB444FA87 /* Pods_Parstagram_ParstagramUITests.framework in Frameworks */ = {isa = PBXBuildFile; fileRef = CB7A5DE7EE8ABE3C9FA379F0 /* Pods_Parstagram_ParstagramUITests.framework */; };
		DD7FA4D7254391380015546D /* AppDelegate.swift in Sources */ = {isa = PBXBuildFile; fileRef = DD7FA4D6254391380015546D /* AppDelegate.swift */; };
		DD7FA4D9254391380015546D /* SceneDelegate.swift in Sources */ = {isa = PBXBuildFile; fileRef = DD7FA4D8254391380015546D /* SceneDelegate.swift */; };
		DD7FA4DE254391380015546D /* Main.storyboard in Resources */ = {isa = PBXBuildFile; fileRef = DD7FA4DC254391380015546D /* Main.storyboard */; };
		DD7FA4E0254391380015546D /* Assets.xcassets in Resources */ = {isa = PBXBuildFile; fileRef = DD7FA4DF254391380015546D /* Assets.xcassets */; };
		DD7FA4E3254391380015546D /* LaunchScreen.storyboard in Resources */ = {isa = PBXBuildFile; fileRef = DD7FA4E1254391380015546D /* LaunchScreen.storyboard */; };
		DD7FA4EE254391390015546D /* ParstagramTests.swift in Sources */ = {isa = PBXBuildFile; fileRef = DD7FA4ED254391390015546D /* ParstagramTests.swift */; };
		DD7FA4F9254391390015546D /* ParstagramUITests.swift in Sources */ = {isa = PBXBuildFile; fileRef = DD7FA4F8254391390015546D /* ParstagramUITests.swift */; };
		DD7FA5342543C9430015546D /* LoginViewController.swift in Sources */ = {isa = PBXBuildFile; fileRef = DD7FA5332543C9430015546D /* LoginViewController.swift */; };
		DD7FA5392543C9580015546D /* FeedViewController.swift in Sources */ = {isa = PBXBuildFile; fileRef = DD7FA5382543C9580015546D /* FeedViewController.swift */; };
		DD7FA53E2543E3F70015546D /* CameraViewController.swift in Sources */ = {isa = PBXBuildFile; fileRef = DD7FA53D2543E3F70015546D /* CameraViewController.swift */; };
		DD7FA54E2543EFDD0015546D /* PostCell.swift in Sources */ = {isa = PBXBuildFile; fileRef = DD7FA54D2543EFDD0015546D /* PostCell.swift */; };
		DD83894E254D22390008C9E6 /* CommentCell.swift in Sources */ = {isa = PBXBuildFile; fileRef = DD83894D254D22390008C9E6 /* CommentCell.swift */; };
/* End PBXBuildFile section */

/* Begin PBXContainerItemProxy section */
		DD7FA4EA254391390015546D /* PBXContainerItemProxy */ = {
			isa = PBXContainerItemProxy;
			containerPortal = DD7FA4CB254391380015546D /* Project object */;
			proxyType = 1;
			remoteGlobalIDString = DD7FA4D2254391380015546D;
			remoteInfo = Parstagram;
		};
		DD7FA4F5254391390015546D /* PBXContainerItemProxy */ = {
			isa = PBXContainerItemProxy;
			containerPortal = DD7FA4CB254391380015546D /* Project object */;
			proxyType = 1;
			remoteGlobalIDString = DD7FA4D2254391380015546D;
			remoteInfo = Parstagram;
		};
/* End PBXContainerItemProxy section */

/* Begin PBXFileReference section */
		21E55796AA12DBC013036190 /* Pods_Parstagram.framework */ = {isa = PBXFileReference; explicitFileType = wrapper.framework; includeInIndex = 0; path = Pods_Parstagram.framework; sourceTree = BUILT_PRODUCTS_DIR; };
		36D4619054298325A0EBA36D /* Pods_ParstagramTests.framework */ = {isa = PBXFileReference; explicitFileType = wrapper.framework; includeInIndex = 0; path = Pods_ParstagramTests.framework; sourceTree = BUILT_PRODUCTS_DIR; };
		3716F613627DA90C1455E5B8 /* Pods-ParstagramTests.debug.xcconfig */ = {isa = PBXFileReference; includeInIndex = 1; lastKnownFileType = text.xcconfig; name = "Pods-ParstagramTests.debug.xcconfig"; path = "Target Support Files/Pods-ParstagramTests/Pods-ParstagramTests.debug.xcconfig"; sourceTree = "<group>"; };
		601967327A2162BB2DF25BF8 /* Pods-Parstagram.debug.xcconfig */ = {isa = PBXFileReference; includeInIndex = 1; lastKnownFileType = text.xcconfig; name = "Pods-Parstagram.debug.xcconfig"; path = "Target Support Files/Pods-Parstagram/Pods-Parstagram.debug.xcconfig"; sourceTree = "<group>"; };
		64878D1DA8204D26F229BD0B /* Pods-Parstagram-ParstagramUITests.release.xcconfig */ = {isa = PBXFileReference; includeInIndex = 1; lastKnownFileType = text.xcconfig; name = "Pods-Parstagram-ParstagramUITests.release.xcconfig"; path = "Target Support Files/Pods-Parstagram-ParstagramUITests/Pods-Parstagram-ParstagramUITests.release.xcconfig"; sourceTree = "<group>"; };
		B40A2C9EA14293EA12EE258F /* Pods-ParstagramTests.release.xcconfig */ = {isa = PBXFileReference; includeInIndex = 1; lastKnownFileType = text.xcconfig; name = "Pods-ParstagramTests.release.xcconfig"; path = "Target Support Files/Pods-ParstagramTests/Pods-ParstagramTests.release.xcconfig"; sourceTree = "<group>"; };
		C0A1CC0AC04C5C5C04B7BCB6 /* Pods-Parstagram-ParstagramUITests.debug.xcconfig */ = {isa = PBXFileReference; includeInIndex = 1; lastKnownFileType = text.xcconfig; name = "Pods-Parstagram-ParstagramUITests.debug.xcconfig"; path = "Target Support Files/Pods-Parstagram-ParstagramUITests/Pods-Parstagram-ParstagramUITests.debug.xcconfig"; sourceTree = "<group>"; };
		C46646C1E9EE1C25FC8C9294 /* Pods-Parstagram.release.xcconfig */ = {isa = PBXFileReference; includeInIndex = 1; lastKnownFileType = text.xcconfig; name = "Pods-Parstagram.release.xcconfig"; path = "Target Support Files/Pods-Parstagram/Pods-Parstagram.release.xcconfig"; sourceTree = "<group>"; };
		CB7A5DE7EE8ABE3C9FA379F0 /* Pods_Parstagram_ParstagramUITests.framework */ = {isa = PBXFileReference; explicitFileType = wrapper.framework; includeInIndex = 0; path = Pods_Parstagram_ParstagramUITests.framework; sourceTree = BUILT_PRODUCTS_DIR; };
		DD7FA4D3254391380015546D /* Parstagram.app */ = {isa = PBXFileReference; explicitFileType = wrapper.application; includeInIndex = 0; path = Parstagram.app; sourceTree = BUILT_PRODUCTS_DIR; };
		DD7FA4D6254391380015546D /* AppDelegate.swift */ = {isa = PBXFileReference; lastKnownFileType = sourcecode.swift; path = AppDelegate.swift; sourceTree = "<group>"; };
		DD7FA4D8254391380015546D /* SceneDelegate.swift */ = {isa = PBXFileReference; lastKnownFileType = sourcecode.swift; path = SceneDelegate.swift; sourceTree = "<group>"; };
		DD7FA4DD254391380015546D /* Base */ = {isa = PBXFileReference; lastKnownFileType = file.storyboard; name = Base; path = Base.lproj/Main.storyboard; sourceTree = "<group>"; };
		DD7FA4DF254391380015546D /* Assets.xcassets */ = {isa = PBXFileReference; lastKnownFileType = folder.assetcatalog; path = Assets.xcassets; sourceTree = "<group>"; };
		DD7FA4E2254391380015546D /* Base */ = {isa = PBXFileReference; lastKnownFileType = file.storyboard; name = Base; path = Base.lproj/LaunchScreen.storyboard; sourceTree = "<group>"; };
		DD7FA4E4254391380015546D /* Info.plist */ = {isa = PBXFileReference; lastKnownFileType = text.plist.xml; path = Info.plist; sourceTree = "<group>"; };
		DD7FA4E9254391390015546D /* ParstagramTests.xctest */ = {isa = PBXFileReference; explicitFileType = wrapper.cfbundle; includeInIndex = 0; path = ParstagramTests.xctest; sourceTree = BUILT_PRODUCTS_DIR; };
		DD7FA4ED254391390015546D /* ParstagramTests.swift */ = {isa = PBXFileReference; lastKnownFileType = sourcecode.swift; path = ParstagramTests.swift; sourceTree = "<group>"; };
		DD7FA4EF254391390015546D /* Info.plist */ = {isa = PBXFileReference; lastKnownFileType = text.plist.xml; path = Info.plist; sourceTree = "<group>"; };
		DD7FA4F4254391390015546D /* ParstagramUITests.xctest */ = {isa = PBXFileReference; explicitFileType = wrapper.cfbundle; includeInIndex = 0; path = ParstagramUITests.xctest; sourceTree = BUILT_PRODUCTS_DIR; };
		DD7FA4F8254391390015546D /* ParstagramUITests.swift */ = {isa = PBXFileReference; lastKnownFileType = sourcecode.swift; path = ParstagramUITests.swift; sourceTree = "<group>"; };
		DD7FA4FA254391390015546D /* Info.plist */ = {isa = PBXFileReference; lastKnownFileType = text.plist.xml; path = Info.plist; sourceTree = "<group>"; };
		DD7FA5332543C9430015546D /* LoginViewController.swift */ = {isa = PBXFileReference; lastKnownFileType = sourcecode.swift; path = LoginViewController.swift; sourceTree = "<group>"; };
		DD7FA5382543C9580015546D /* FeedViewController.swift */ = {isa = PBXFileReference; lastKnownFileType = sourcecode.swift; path = FeedViewController.swift; sourceTree = "<group>"; };
		DD7FA53D2543E3F70015546D /* CameraViewController.swift */ = {isa = PBXFileReference; lastKnownFileType = sourcecode.swift; path = CameraViewController.swift; sourceTree = "<group>"; };
		DD7FA54D2543EFDD0015546D /* PostCell.swift */ = {isa = PBXFileReference; lastKnownFileType = sourcecode.swift; path = PostCell.swift; sourceTree = "<group>"; };
		DD83894D254D22390008C9E6 /* CommentCell.swift */ = {isa = PBXFileReference; lastKnownFileType = sourcecode.swift; path = CommentCell.swift; sourceTree = "<group>"; };
/* End PBXFileReference section */

/* Begin PBXFrameworksBuildPhase section */
		DD7FA4D0254391380015546D /* Frameworks */ = {
			isa = PBXFrameworksBuildPhase;
			buildActionMask = 2147483647;
			files = (
				380B1FA06D3B5854DCC3BECC /* Pods_Parstagram.framework in Frameworks */,
			);
			runOnlyForDeploymentPostprocessing = 0;
		};
		DD7FA4E6254391390015546D /* Frameworks */ = {
			isa = PBXFrameworksBuildPhase;
			buildActionMask = 2147483647;
			files = (
				150F2CACA5C98A4DF7DCB3AD /* Pods_ParstagramTests.framework in Frameworks */,
			);
			runOnlyForDeploymentPostprocessing = 0;
		};
		DD7FA4F1254391390015546D /* Frameworks */ = {
			isa = PBXFrameworksBuildPhase;
			buildActionMask = 2147483647;
			files = (
				D510102C275F354FB444FA87 /* Pods_Parstagram_ParstagramUITests.framework in Frameworks */,
			);
			runOnlyForDeploymentPostprocessing = 0;
		};
/* End PBXFrameworksBuildPhase section */

/* Begin PBXGroup section */
		077A310BE0C0D33FD52B94B2 /* Pods */ = {
			isa = PBXGroup;
			children = (
				601967327A2162BB2DF25BF8 /* Pods-Parstagram.debug.xcconfig */,
				C46646C1E9EE1C25FC8C9294 /* Pods-Parstagram.release.xcconfig */,
				C0A1CC0AC04C5C5C04B7BCB6 /* Pods-Parstagram-ParstagramUITests.debug.xcconfig */,
				64878D1DA8204D26F229BD0B /* Pods-Parstagram-ParstagramUITests.release.xcconfig */,
				3716F613627DA90C1455E5B8 /* Pods-ParstagramTests.debug.xcconfig */,
				B40A2C9EA14293EA12EE258F /* Pods-ParstagramTests.release.xcconfig */,
			);
			path = Pods;
			sourceTree = "<group>";
		};
		123D7A5A37C425A50521A980 /* Frameworks */ = {
			isa = PBXGroup;
			children = (
				21E55796AA12DBC013036190 /* Pods_Parstagram.framework */,
				CB7A5DE7EE8ABE3C9FA379F0 /* Pods_Parstagram_ParstagramUITests.framework */,
				36D4619054298325A0EBA36D /* Pods_ParstagramTests.framework */,
			);
			name = Frameworks;
			sourceTree = "<group>";
		};
		DD7FA4CA254391380015546D = {
			isa = PBXGroup;
			children = (
				DD7FA4D5254391380015546D /* Parstagram */,
				DD7FA4EC254391390015546D /* ParstagramTests */,
				DD7FA4F7254391390015546D /* ParstagramUITests */,
				DD7FA4D4254391380015546D /* Products */,
				077A310BE0C0D33FD52B94B2 /* Pods */,
				123D7A5A37C425A50521A980 /* Frameworks */,
			);
			sourceTree = "<group>";
		};
		DD7FA4D4254391380015546D /* Products */ = {
			isa = PBXGroup;
			children = (
				DD7FA4D3254391380015546D /* Parstagram.app */,
				DD7FA4E9254391390015546D /* ParstagramTests.xctest */,
				DD7FA4F4254391390015546D /* ParstagramUITests.xctest */,
			);
			name = Products;
			sourceTree = "<group>";
		};
		DD7FA4D5254391380015546D /* Parstagram */ = {
			isa = PBXGroup;
			children = (
				DD7FA4D6254391380015546D /* AppDelegate.swift */,
				DD7FA4D8254391380015546D /* SceneDelegate.swift */,
				DD7FA4DC254391380015546D /* Main.storyboard */,
				DD83894D254D22390008C9E6 /* CommentCell.swift */,
				DD7FA4DF254391380015546D /* Assets.xcassets */,
				DD7FA4E1254391380015546D /* LaunchScreen.storyboard */,
				DD7FA4E4254391380015546D /* Info.plist */,
				DD7FA5332543C9430015546D /* LoginViewController.swift */,
				DD7FA5382543C9580015546D /* FeedViewController.swift */,
				DD7FA53D2543E3F70015546D /* CameraViewController.swift */,
				DD7FA54D2543EFDD0015546D /* PostCell.swift */,
			);
			path = Parstagram;
			sourceTree = "<group>";
		};
		DD7FA4EC254391390015546D /* ParstagramTests */ = {
			isa = PBXGroup;
			children = (
				DD7FA4ED254391390015546D /* ParstagramTests.swift */,
				DD7FA4EF254391390015546D /* Info.plist */,
			);
			path = ParstagramTests;
			sourceTree = "<group>";
		};
		DD7FA4F7254391390015546D /* ParstagramUITests */ = {
			isa = PBXGroup;
			children = (
				DD7FA4F8254391390015546D /* ParstagramUITests.swift */,
				DD7FA4FA254391390015546D /* Info.plist */,
			);
			path = ParstagramUITests;
			sourceTree = "<group>";
		};
/* End PBXGroup section */

/* Begin PBXNativeTarget section */
		DD7FA4D2254391380015546D /* Parstagram */ = {
			isa = PBXNativeTarget;
			buildConfigurationList = DD7FA4FD254391390015546D /* Build configuration list for PBXNativeTarget "Parstagram" */;
			buildPhases = (
				88E13F114635204A2BDE4EE9 /* [CP] Check Pods Manifest.lock */,
				DD7FA4CF254391380015546D /* Sources */,
				DD7FA4D0254391380015546D /* Frameworks */,
				DD7FA4D1254391380015546D /* Resources */,
				9AFC8DE2F6CC04C9F71FB37A /* [CP] Embed Pods Frameworks */,
			);
			buildRules = (
			);
			dependencies = (
			);
			name = Parstagram;
			productName = Parstagram;
			productReference = DD7FA4D3254391380015546D /* Parstagram.app */;
			productType = "com.apple.product-type.application";
		};
		DD7FA4E8254391390015546D /* ParstagramTests */ = {
			isa = PBXNativeTarget;
			buildConfigurationList = DD7FA500254391390015546D /* Build configuration list for PBXNativeTarget "ParstagramTests" */;
			buildPhases = (
				A596C26EE2CEE9F33460A318 /* [CP] Check Pods Manifest.lock */,
				DD7FA4E5254391390015546D /* Sources */,
				DD7FA4E6254391390015546D /* Frameworks */,
				DD7FA4E7254391390015546D /* Resources */,
			);
			buildRules = (
			);
			dependencies = (
				DD7FA4EB254391390015546D /* PBXTargetDependency */,
			);
			name = ParstagramTests;
			productName = ParstagramTests;
			productReference = DD7FA4E9254391390015546D /* ParstagramTests.xctest */;
			productType = "com.apple.product-type.bundle.unit-test";
		};
		DD7FA4F3254391390015546D /* ParstagramUITests */ = {
			isa = PBXNativeTarget;
			buildConfigurationList = DD7FA503254391390015546D /* Build configuration list for PBXNativeTarget "ParstagramUITests" */;
			buildPhases = (
				095DA1085CCECE431C4781EB /* [CP] Check Pods Manifest.lock */,
				DD7FA4F0254391390015546D /* Sources */,
				DD7FA4F1254391390015546D /* Frameworks */,
				DD7FA4F2254391390015546D /* Resources */,
				FDDE12E135CFF56B399EC9EF /* [CP] Embed Pods Frameworks */,
			);
			buildRules = (
			);
			dependencies = (
				DD7FA4F6254391390015546D /* PBXTargetDependency */,
			);
			name = ParstagramUITests;
			productName = ParstagramUITests;
			productReference = DD7FA4F4254391390015546D /* ParstagramUITests.xctest */;
			productType = "com.apple.product-type.bundle.ui-testing";
		};
/* End PBXNativeTarget section */

/* Begin PBXProject section */
		DD7FA4CB254391380015546D /* Project object */ = {
			isa = PBXProject;
			attributes = {
				LastSwiftUpdateCheck = 1200;
				LastUpgradeCheck = 1200;
				TargetAttributes = {
					DD7FA4D2254391380015546D = {
						CreatedOnToolsVersion = 12.0.1;
					};
					DD7FA4E8254391390015546D = {
						CreatedOnToolsVersion = 12.0.1;
						TestTargetID = DD7FA4D2254391380015546D;
					};
					DD7FA4F3254391390015546D = {
						CreatedOnToolsVersion = 12.0.1;
						TestTargetID = DD7FA4D2254391380015546D;
					};
				};
			};
			buildConfigurationList = DD7FA4CE254391380015546D /* Build configuration list for PBXProject "Parstagram" */;
			compatibilityVersion = "Xcode 9.3";
			developmentRegion = en;
			hasScannedForEncodings = 0;
			knownRegions = (
				en,
				Base,
			);
			mainGroup = DD7FA4CA254391380015546D;
			productRefGroup = DD7FA4D4254391380015546D /* Products */;
			projectDirPath = "";
			projectRoot = "";
			targets = (
				DD7FA4D2254391380015546D /* Parstagram */,
				DD7FA4E8254391390015546D /* ParstagramTests */,
				DD7FA4F3254391390015546D /* ParstagramUITests */,
			);
		};
/* End PBXProject section */

/* Begin PBXResourcesBuildPhase section */
		DD7FA4D1254391380015546D /* Resources */ = {
			isa = PBXResourcesBuildPhase;
			buildActionMask = 2147483647;
			files = (
				DD7FA4E3254391380015546D /* LaunchScreen.storyboard in Resources */,
				DD7FA4E0254391380015546D /* Assets.xcassets in Resources */,
				DD7FA4DE254391380015546D /* Main.storyboard in Resources */,
			);
			runOnlyForDeploymentPostprocessing = 0;
		};
		DD7FA4E7254391390015546D /* Resources */ = {
			isa = PBXResourcesBuildPhase;
			buildActionMask = 2147483647;
			files = (
			);
			runOnlyForDeploymentPostprocessing = 0;
		};
		DD7FA4F2254391390015546D /* Resources */ = {
			isa = PBXResourcesBuildPhase;
			buildActionMask = 2147483647;
			files = (
			);
			runOnlyForDeploymentPostprocessing = 0;
		};
/* End PBXResourcesBuildPhase section */

/* Begin PBXShellScriptBuildPhase section */
		095DA1085CCECE431C4781EB /* [CP] Check Pods Manifest.lock */ = {
			isa = PBXShellScriptBuildPhase;
			buildActionMask = 2147483647;
			files = (
			);
			inputFileListPaths = (
			);
			inputPaths = (
				"${PODS_PODFILE_DIR_PATH}/Podfile.lock",
				"${PODS_ROOT}/Manifest.lock",
			);
			name = "[CP] Check Pods Manifest.lock";
			outputFileListPaths = (
			);
			outputPaths = (
				"$(DERIVED_FILE_DIR)/Pods-Parstagram-ParstagramUITests-checkManifestLockResult.txt",
			);
			runOnlyForDeploymentPostprocessing = 0;
			shellPath = /bin/sh;
			shellScript = "diff \"${PODS_PODFILE_DIR_PATH}/Podfile.lock\" \"${PODS_ROOT}/Manifest.lock\" > /dev/null\nif [ $? != 0 ] ; then\n    # print error to STDERR\n    echo \"error: The sandbox is not in sync with the Podfile.lock. Run 'pod install' or update your CocoaPods installation.\" >&2\n    exit 1\nfi\n# This output is used by Xcode 'outputs' to avoid re-running this script phase.\necho \"SUCCESS\" > \"${SCRIPT_OUTPUT_FILE_0}\"\n";
			showEnvVarsInLog = 0;
		};
		88E13F114635204A2BDE4EE9 /* [CP] Check Pods Manifest.lock */ = {
			isa = PBXShellScriptBuildPhase;
			buildActionMask = 2147483647;
			files = (
			);
			inputFileListPaths = (
			);
			inputPaths = (
				"${PODS_PODFILE_DIR_PATH}/Podfile.lock",
				"${PODS_ROOT}/Manifest.lock",
			);
			name = "[CP] Check Pods Manifest.lock";
			outputFileListPaths = (
			);
			outputPaths = (
				"$(DERIVED_FILE_DIR)/Pods-Parstagram-checkManifestLockResult.txt",
			);
			runOnlyForDeploymentPostprocessing = 0;
			shellPath = /bin/sh;
			shellScript = "diff \"${PODS_PODFILE_DIR_PATH}/Podfile.lock\" \"${PODS_ROOT}/Manifest.lock\" > /dev/null\nif [ $? != 0 ] ; then\n    # print error to STDERR\n    echo \"error: The sandbox is not in sync with the Podfile.lock. Run 'pod install' or update your CocoaPods installation.\" >&2\n    exit 1\nfi\n# This output is used by Xcode 'outputs' to avoid re-running this script phase.\necho \"SUCCESS\" > \"${SCRIPT_OUTPUT_FILE_0}\"\n";
			showEnvVarsInLog = 0;
		};
		9AFC8DE2F6CC04C9F71FB37A /* [CP] Embed Pods Frameworks */ = {
			isa = PBXShellScriptBuildPhase;
			buildActionMask = 2147483647;
			files = (
			);
			inputFileListPaths = (
				"${PODS_ROOT}/Target Support Files/Pods-Parstagram/Pods-Parstagram-frameworks-${CONFIGURATION}-input-files.xcfilelist",
			);
			name = "[CP] Embed Pods Frameworks";
			outputFileListPaths = (
				"${PODS_ROOT}/Target Support Files/Pods-Parstagram/Pods-Parstagram-frameworks-${CONFIGURATION}-output-files.xcfilelist",
			);
			runOnlyForDeploymentPostprocessing = 0;
			shellPath = /bin/sh;
			shellScript = "\"${PODS_ROOT}/Target Support Files/Pods-Parstagram/Pods-Parstagram-frameworks.sh\"\n";
			showEnvVarsInLog = 0;
		};
		A596C26EE2CEE9F33460A318 /* [CP] Check Pods Manifest.lock */ = {
			isa = PBXShellScriptBuildPhase;
			buildActionMask = 2147483647;
			files = (
			);
			inputFileListPaths = (
			);
			inputPaths = (
				"${PODS_PODFILE_DIR_PATH}/Podfile.lock",
				"${PODS_ROOT}/Manifest.lock",
			);
			name = "[CP] Check Pods Manifest.lock";
			outputFileListPaths = (
			);
			outputPaths = (
				"$(DERIVED_FILE_DIR)/Pods-ParstagramTests-checkManifestLockResult.txt",
			);
			runOnlyForDeploymentPostprocessing = 0;
			shellPath = /bin/sh;
			shellScript = "diff \"${PODS_PODFILE_DIR_PATH}/Podfile.lock\" \"${PODS_ROOT}/Manifest.lock\" > /dev/null\nif [ $? != 0 ] ; then\n    # print error to STDERR\n    echo \"error: The sandbox is not in sync with the Podfile.lock. Run 'pod install' or update your CocoaPods installation.\" >&2\n    exit 1\nfi\n# This output is used by Xcode 'outputs' to avoid re-running this script phase.\necho \"SUCCESS\" > \"${SCRIPT_OUTPUT_FILE_0}\"\n";
			showEnvVarsInLog = 0;
		};
		FDDE12E135CFF56B399EC9EF /* [CP] Embed Pods Frameworks */ = {
			isa = PBXShellScriptBuildPhase;
			buildActionMask = 2147483647;
			files = (
			);
			inputFileListPaths = (
				"${PODS_ROOT}/Target Support Files/Pods-Parstagram-ParstagramUITests/Pods-Parstagram-ParstagramUITests-frameworks-${CONFIGURATION}-input-files.xcfilelist",
			);
			name = "[CP] Embed Pods Frameworks";
			outputFileListPaths = (
				"${PODS_ROOT}/Target Support Files/Pods-Parstagram-ParstagramUITests/Pods-Parstagram-ParstagramUITests-frameworks-${CONFIGURATION}-output-files.xcfilelist",
			);
			runOnlyForDeploymentPostprocessing = 0;
			shellPath = /bin/sh;
			shellScript = "\"${PODS_ROOT}/Target Support Files/Pods-Parstagram-ParstagramUITests/Pods-Parstagram-ParstagramUITests-frameworks.sh\"\n";
			showEnvVarsInLog = 0;
		};
/* End PBXShellScriptBuildPhase section */

/* Begin PBXSourcesBuildPhase section */
		DD7FA4CF254391380015546D /* Sources */ = {
			isa = PBXSourcesBuildPhase;
			buildActionMask = 2147483647;
			files = (
				DD7FA5342543C9430015546D /* LoginViewController.swift in Sources */,
				DD7FA53E2543E3F70015546D /* CameraViewController.swift in Sources */,
				DD7FA4D7254391380015546D /* AppDelegate.swift in Sources */,
				DD7FA5392543C9580015546D /* FeedViewController.swift in Sources */,
				DD7FA4D9254391380015546D /* SceneDelegate.swift in Sources */,
				DD7FA54E2543EFDD0015546D /* PostCell.swift in Sources */,
				DD83894E254D22390008C9E6 /* CommentCell.swift in Sources */,
			);
			runOnlyForDeploymentPostprocessing = 0;
		};
		DD7FA4E5254391390015546D /* Sources */ = {
			isa = PBXSourcesBuildPhase;
			buildActionMask = 2147483647;
			files = (
				DD7FA4EE254391390015546D /* ParstagramTests.swift in Sources */,
			);
			runOnlyForDeploymentPostprocessing = 0;
		};
		DD7FA4F0254391390015546D /* Sources */ = {
			isa = PBXSourcesBuildPhase;
			buildActionMask = 2147483647;
			files = (
				DD7FA4F9254391390015546D /* ParstagramUITests.swift in Sources */,
			);
			runOnlyForDeploymentPostprocessing = 0;
		};
/* End PBXSourcesBuildPhase section */

/* Begin PBXTargetDependency section */
		DD7FA4EB254391390015546D /* PBXTargetDependency */ = {
			isa = PBXTargetDependency;
			target = DD7FA4D2254391380015546D /* Parstagram */;
			targetProxy = DD7FA4EA254391390015546D /* PBXContainerItemProxy */;
		};
		DD7FA4F6254391390015546D /* PBXTargetDependency */ = {
			isa = PBXTargetDependency;
			target = DD7FA4D2254391380015546D /* Parstagram */;
			targetProxy = DD7FA4F5254391390015546D /* PBXContainerItemProxy */;
		};
/* End PBXTargetDependency section */

/* Begin PBXVariantGroup section */
		DD7FA4DC254391380015546D /* Main.storyboard */ = {
			isa = PBXVariantGroup;
			children = (
				DD7FA4DD254391380015546D /* Base */,
			);
			name = Main.storyboard;
			sourceTree = "<group>";
		};
		DD7FA4E1254391380015546D /* LaunchScreen.storyboard */ = {
			isa = PBXVariantGroup;
			children = (
				DD7FA4E2254391380015546D /* Base */,
			);
			name = LaunchScreen.storyboard;
			sourceTree = "<group>";
		};
/* End PBXVariantGroup section */

/* Begin XCBuildConfiguration section */
		DD7FA4FB254391390015546D /* Debug */ = {
			isa = XCBuildConfiguration;
			buildSettings = {
				ALWAYS_SEARCH_USER_PATHS = NO;
				CLANG_ANALYZER_NONNULL = YES;
				CLANG_ANALYZER_NUMBER_OBJECT_CONVERSION = YES_AGGRESSIVE;
				CLANG_CXX_LANGUAGE_STANDARD = "gnu++14";
				CLANG_CXX_LIBRARY = "libc++";
				CLANG_ENABLE_MODULES = YES;
				CLANG_ENABLE_OBJC_ARC = YES;
				CLANG_ENABLE_OBJC_WEAK = YES;
				CLANG_WARN_BLOCK_CAPTURE_AUTORELEASING = YES;
				CLANG_WARN_BOOL_CONVERSION = YES;
				CLANG_WARN_COMMA = YES;
				CLANG_WARN_CONSTANT_CONVERSION = YES;
				CLANG_WARN_DEPRECATED_OBJC_IMPLEMENTATIONS = YES;
				CLANG_WARN_DIRECT_OBJC_ISA_USAGE = YES_ERROR;
				CLANG_WARN_DOCUMENTATION_COMMENTS = YES;
				CLANG_WARN_EMPTY_BODY = YES;
				CLANG_WARN_ENUM_CONVERSION = YES;
				CLANG_WARN_INFINITE_RECURSION = YES;
				CLANG_WARN_INT_CONVERSION = YES;
				CLANG_WARN_NON_LITERAL_NULL_CONVERSION = YES;
				CLANG_WARN_OBJC_IMPLICIT_RETAIN_SELF = YES;
				CLANG_WARN_OBJC_LITERAL_CONVERSION = YES;
				CLANG_WARN_OBJC_ROOT_CLASS = YES_ERROR;
				CLANG_WARN_QUOTED_INCLUDE_IN_FRAMEWORK_HEADER = YES;
				CLANG_WARN_RANGE_LOOP_ANALYSIS = YES;
				CLANG_WARN_STRICT_PROTOTYPES = YES;
				CLANG_WARN_SUSPICIOUS_MOVE = YES;
				CLANG_WARN_UNGUARDED_AVAILABILITY = YES_AGGRESSIVE;
				CLANG_WARN_UNREACHABLE_CODE = YES;
				CLANG_WARN__DUPLICATE_METHOD_MATCH = YES;
				COPY_PHASE_STRIP = NO;
				DEBUG_INFORMATION_FORMAT = dwarf;
				ENABLE_STRICT_OBJC_MSGSEND = YES;
				ENABLE_TESTABILITY = YES;
				GCC_C_LANGUAGE_STANDARD = gnu11;
				GCC_DYNAMIC_NO_PIC = NO;
				GCC_NO_COMMON_BLOCKS = YES;
				GCC_OPTIMIZATION_LEVEL = 0;
				GCC_PREPROCESSOR_DEFINITIONS = (
					"DEBUG=1",
					"$(inherited)",
				);
				GCC_WARN_64_TO_32_BIT_CONVERSION = YES;
				GCC_WARN_ABOUT_RETURN_TYPE = YES_ERROR;
				GCC_WARN_UNDECLARED_SELECTOR = YES;
				GCC_WARN_UNINITIALIZED_AUTOS = YES_AGGRESSIVE;
				GCC_WARN_UNUSED_FUNCTION = YES;
				GCC_WARN_UNUSED_VARIABLE = YES;
				IPHONEOS_DEPLOYMENT_TARGET = 14.0;
				MTL_ENABLE_DEBUG_INFO = INCLUDE_SOURCE;
				MTL_FAST_MATH = YES;
				ONLY_ACTIVE_ARCH = YES;
				SDKROOT = iphoneos;
				SWIFT_ACTIVE_COMPILATION_CONDITIONS = DEBUG;
				SWIFT_OPTIMIZATION_LEVEL = "-Onone";
			};
			name = Debug;
		};
		DD7FA4FC254391390015546D /* Release */ = {
			isa = XCBuildConfiguration;
			buildSettings = {
				ALWAYS_SEARCH_USER_PATHS = NO;
				CLANG_ANALYZER_NONNULL = YES;
				CLANG_ANALYZER_NUMBER_OBJECT_CONVERSION = YES_AGGRESSIVE;
				CLANG_CXX_LANGUAGE_STANDARD = "gnu++14";
				CLANG_CXX_LIBRARY = "libc++";
				CLANG_ENABLE_MODULES = YES;
				CLANG_ENABLE_OBJC_ARC = YES;
				CLANG_ENABLE_OBJC_WEAK = YES;
				CLANG_WARN_BLOCK_CAPTURE_AUTORELEASING = YES;
				CLANG_WARN_BOOL_CONVERSION = YES;
				CLANG_WARN_COMMA = YES;
				CLANG_WARN_CONSTANT_CONVERSION = YES;
				CLANG_WARN_DEPRECATED_OBJC_IMPLEMENTATIONS = YES;
				CLANG_WARN_DIRECT_OBJC_ISA_USAGE = YES_ERROR;
				CLANG_WARN_DOCUMENTATION_COMMENTS = YES;
				CLANG_WARN_EMPTY_BODY = YES;
				CLANG_WARN_ENUM_CONVERSION = YES;
				CLANG_WARN_INFINITE_RECURSION = YES;
				CLANG_WARN_INT_CONVERSION = YES;
				CLANG_WARN_NON_LITERAL_NULL_CONVERSION = YES;
				CLANG_WARN_OBJC_IMPLICIT_RETAIN_SELF = YES;
				CLANG_WARN_OBJC_LITERAL_CONVERSION = YES;
				CLANG_WARN_OBJC_ROOT_CLASS = YES_ERROR;
				CLANG_WARN_QUOTED_INCLUDE_IN_FRAMEWORK_HEADER = YES;
				CLANG_WARN_RANGE_LOOP_ANALYSIS = YES;
				CLANG_WARN_STRICT_PROTOTYPES = YES;
				CLANG_WARN_SUSPICIOUS_MOVE = YES;
				CLANG_WARN_UNGUARDED_AVAILABILITY = YES_AGGRESSIVE;
				CLANG_WARN_UNREACHABLE_CODE = YES;
				CLANG_WARN__DUPLICATE_METHOD_MATCH = YES;
				COPY_PHASE_STRIP = NO;
				DEBUG_INFORMATION_FORMAT = "dwarf-with-dsym";
				ENABLE_NS_ASSERTIONS = NO;
				ENABLE_STRICT_OBJC_MSGSEND = YES;
				GCC_C_LANGUAGE_STANDARD = gnu11;
				GCC_NO_COMMON_BLOCKS = YES;
				GCC_WARN_64_TO_32_BIT_CONVERSION = YES;
				GCC_WARN_ABOUT_RETURN_TYPE = YES_ERROR;
				GCC_WARN_UNDECLARED_SELECTOR = YES;
				GCC_WARN_UNINITIALIZED_AUTOS = YES_AGGRESSIVE;
				GCC_WARN_UNUSED_FUNCTION = YES;
				GCC_WARN_UNUSED_VARIABLE = YES;
				IPHONEOS_DEPLOYMENT_TARGET = 14.0;
				MTL_ENABLE_DEBUG_INFO = NO;
				MTL_FAST_MATH = YES;
				SDKROOT = iphoneos;
				SWIFT_COMPILATION_MODE = wholemodule;
				SWIFT_OPTIMIZATION_LEVEL = "-O";
				VALIDATE_PRODUCT = YES;
			};
			name = Release;
		};
		DD7FA4FE254391390015546D /* Debug */ = {
			isa = XCBuildConfiguration;
			baseConfigurationReference = 601967327A2162BB2DF25BF8 /* Pods-Parstagram.debug.xcconfig */;
			buildSettings = {
				ASSETCATALOG_COMPILER_APPICON_NAME = AppIcon;
				ASSETCATALOG_COMPILER_GLOBAL_ACCENT_COLOR_NAME = AccentColor;
				CODE_SIGN_STYLE = Automatic;
				INFOPLIST_FILE = Parstagram/Info.plist;
				LD_RUNPATH_SEARCH_PATHS = (
					"$(inherited)",
					"@executable_path/Frameworks",
				);
				PRODUCT_BUNDLE_IDENTIFIER = com.codepath.Parstagram;
				PRODUCT_NAME = "$(TARGET_NAME)";
				SWIFT_VERSION = 5.0;
				TARGETED_DEVICE_FAMILY = "1,2";
			};
			name = Debug;
		};
		DD7FA4FF254391390015546D /* Release */ = {
			isa = XCBuildConfiguration;
			baseConfigurationReference = C46646C1E9EE1C25FC8C9294 /* Pods-Parstagram.release.xcconfig */;
			buildSettings = {
				ASSETCATALOG_COMPILER_APPICON_NAME = AppIcon;
				ASSETCATALOG_COMPILER_GLOBAL_ACCENT_COLOR_NAME = AccentColor;
				CODE_SIGN_STYLE = Automatic;
				INFOPLIST_FILE = Parstagram/Info.plist;
				LD_RUNPATH_SEARCH_PATHS = (
					"$(inherited)",
					"@executable_path/Frameworks",
				);
				PRODUCT_BUNDLE_IDENTIFIER = com.codepath.Parstagram;
				PRODUCT_NAME = "$(TARGET_NAME)";
				SWIFT_VERSION = 5.0;
				TARGETED_DEVICE_FAMILY = "1,2";
			};
			name = Release;
		};
		DD7FA501254391390015546D /* Debug */ = {
			isa = XCBuildConfiguration;
			baseConfigurationReference = 3716F613627DA90C1455E5B8 /* Pods-ParstagramTests.debug.xcconfig */;
			buildSettings = {
				ALWAYS_EMBED_SWIFT_STANDARD_LIBRARIES = YES;
				BUNDLE_LOADER = "$(TEST_HOST)";
				CODE_SIGN_STYLE = Automatic;
				INFOPLIST_FILE = ParstagramTests/Info.plist;
				IPHONEOS_DEPLOYMENT_TARGET = 14.0;
				LD_RUNPATH_SEARCH_PATHS = (
					"$(inherited)",
					"@executable_path/Frameworks",
					"@loader_path/Frameworks",
				);
				PRODUCT_BUNDLE_IDENTIFIER = com.codepath.ParstagramTests;
				PRODUCT_NAME = "$(TARGET_NAME)";
				SWIFT_VERSION = 5.0;
				TARGETED_DEVICE_FAMILY = "1,2";
				TEST_HOST = "$(BUILT_PRODUCTS_DIR)/Parstagram.app/Parstagram";
			};
			name = Debug;
		};
		DD7FA502254391390015546D /* Release */ = {
			isa = XCBuildConfiguration;
			baseConfigurationReference = B40A2C9EA14293EA12EE258F /* Pods-ParstagramTests.release.xcconfig */;
			buildSettings = {
				ALWAYS_EMBED_SWIFT_STANDARD_LIBRARIES = YES;
				BUNDLE_LOADER = "$(TEST_HOST)";
				CODE_SIGN_STYLE = Automatic;
				INFOPLIST_FILE = ParstagramTests/Info.plist;
				IPHONEOS_DEPLOYMENT_TARGET = 14.0;
				LD_RUNPATH_SEARCH_PATHS = (
					"$(inherited)",
					"@executable_path/Frameworks",
					"@loader_path/Frameworks",
				);
				PRODUCT_BUNDLE_IDENTIFIER = com.codepath.ParstagramTests;
				PRODUCT_NAME = "$(TARGET_NAME)";
				SWIFT_VERSION = 5.0;
				TARGETED_DEVICE_FAMILY = "1,2";
				TEST_HOST = "$(BUILT_PRODUCTS_DIR)/Parstagram.app/Parstagram";
			};
			name = Release;
		};
		DD7FA504254391390015546D /* Debug */ = {
			isa = XCBuildConfiguration;
			baseConfigurationReference = C0A1CC0AC04C5C5C04B7BCB6 /* Pods-Parstagram-ParstagramUITests.debug.xcconfig */;
			buildSettings = {
				ALWAYS_EMBED_SWIFT_STANDARD_LIBRARIES = YES;
				CODE_SIGN_STYLE = Automatic;
				INFOPLIST_FILE = ParstagramUITests/Info.plist;
				LD_RUNPATH_SEARCH_PATHS = (
					"$(inherited)",
					"@executable_path/Frameworks",
					"@loader_path/Frameworks",
				);
				PRODUCT_BUNDLE_IDENTIFIER = com.codepath.ParstagramUITests;
				PRODUCT_NAME = "$(TARGET_NAME)";
				SWIFT_VERSION = 5.0;
				TARGETED_DEVICE_FAMILY = "1,2";
				TEST_TARGET_NAME = Parstagram;
			};
			name = Debug;
		};
		DD7FA505254391390015546D /* Release */ = {
			isa = XCBuildConfiguration;
			baseConfigurationReference = 64878D1DA8204D26F229BD0B /* Pods-Parstagram-ParstagramUITests.release.xcconfig */;
			buildSettings = {
				ALWAYS_EMBED_SWIFT_STANDARD_LIBRARIES = YES;
				CODE_SIGN_STYLE = Automatic;
				INFOPLIST_FILE = ParstagramUITests/Info.plist;
				LD_RUNPATH_SEARCH_PATHS = (
					"$(inherited)",
					"@executable_path/Frameworks",
					"@loader_path/Frameworks",
				);
				PRODUCT_BUNDLE_IDENTIFIER = com.codepath.ParstagramUITests;
				PRODUCT_NAME = "$(TARGET_NAME)";
				SWIFT_VERSION = 5.0;
				TARGETED_DEVICE_FAMILY = "1,2";
				TEST_TARGET_NAME = Parstagram;
			};
			name = Release;
		};
/* End XCBuildConfiguration section */

/* Begin XCConfigurationList section */
		DD7FA4CE254391380015546D /* Build configuration list for PBXProject "Parstagram" */ = {
			isa = XCConfigurationList;
			buildConfigurations = (
				DD7FA4FB254391390015546D /* Debug */,
				DD7FA4FC254391390015546D /* Release */,
			);
			defaultConfigurationIsVisible = 0;
			defaultConfigurationName = Release;
		};
		DD7FA4FD254391390015546D /* Build configuration list for PBXNativeTarget "Parstagram" */ = {
			isa = XCConfigurationList;
			buildConfigurations = (
				DD7FA4FE254391390015546D /* Debug */,
				DD7FA4FF254391390015546D /* Release */,
			);
			defaultConfigurationIsVisible = 0;
			defaultConfigurationName = Release;
		};
		DD7FA500254391390015546D /* Build configuration list for PBXNativeTarget "ParstagramTests" */ = {
			isa = XCConfigurationList;
			buildConfigurations = (
				DD7FA501254391390015546D /* Debug */,
				DD7FA502254391390015546D /* Release */,
			);
			defaultConfigurationIsVisible = 0;
			defaultConfigurationName = Release;
		};
		DD7FA503254391390015546D /* Build configuration list for PBXNativeTarget "ParstagramUITests" */ = {
			isa = XCConfigurationList;
			buildConfigurations = (
				DD7FA504254391390015546D /* Debug */,
				DD7FA505254391390015546D /* Release */,
			);
			defaultConfigurationIsVisible = 0;
			defaultConfigurationName = Release;
		};
/* End XCConfigurationList section */
	};
	rootObject = DD7FA4CB254391380015546D /* Project object */;
}
